
Microsoft Visual Studio Solution File, Format Version 12.00
# Visual Studio Version 18
VisualStudioVersion = 18.3.11408.92
MinimumVisualStudioVersion = 10.0.40219.1
Project("{2150E333-8FDC-42A3-9474-1A3956D46DE8}") = "shared", "shared", "{4F52FD11-658E-A102-6CD3-7D7C16FFA15B}"
EndProject
Project("{2150E333-8FDC-42A3-9474-1A3956D46DE8}") = "src", "src", "{827E0CD3-B72D-47B6-A68D-7590B98EB39B}"
EndProject
Project("{FAE04EC0-301F-11D3-BF4B-00C04F79EFBC}") = "Beyond8.Common", "shared\Beyond8.Common\Beyond8.Common.csproj", "{56CE2E3F-9C0D-6C79-2548-738CA7C41A24}"
EndProject
Project("{FAE04EC0-301F-11D3-BF4B-00C04F79EFBC}") = "Beyond8.DatabaseMigrationHelpers", "shared\Beyond8.DatabaseMigrationHelpers\Beyond8.DatabaseMigrationHelpers.csproj", "{D299DE89-5F9B-441C-D656-143464094E4F}"
EndProject
Project("{2150E333-8FDC-42A3-9474-1A3956D46DE8}") = "Orchestration", "Orchestration", "{8B260A08-A83E-5A86-27DB-EBC08B683631}"
EndProject
Project("{FAE04EC0-301F-11D3-BF4B-00C04F79EFBC}") = "Beyond8.AppHost", "src\Orchestration\Beyond8.AppHost\Beyond8.AppHost.csproj", "{A73FF4D6-3D6F-A343-1D05-07D8BFD3BB70}"
EndProject
Project("{FAE04EC0-301F-11D3-BF4B-00C04F79EFBC}") = "Beyond8.ServiceDefaults", "src\Orchestration\Beyond8.ServiceDefaults\Beyond8.ServiceDefaults.csproj", "{61A2EF66-B61B-0442-4244-E63DCAD7C3A9}"
EndProject
Project("{2150E333-8FDC-42A3-9474-1A3956D46DE8}") = "Services", "Services", "{984BB9B3-3FA3-BE33-9484-CAC21695A33C}"
EndProject
Project("{2150E333-8FDC-42A3-9474-1A3956D46DE8}") = "Identity", "Identity", "{1BFC9479-12BF-35C3-06B8-42D89D95092B}"
EndProject
Project("{FAE04EC0-301F-11D3-BF4B-00C04F79EFBC}") = "Beyond8.Identity.Api", "src\Services\Identity\Beyond8.Identity.Api\Beyond8.Identity.Api.csproj", "{FCF4F5FC-38A9-48CC-8690-FE161B83B6AC}"
EndProject
Project("{FAE04EC0-301F-11D3-BF4B-00C04F79EFBC}") = "Beyond8.Identity.Domain", "src\Services\Identity\Beyond8.Identity.Domain\Beyond8.Identity.Domain.csproj", "{8D275149-75D8-42B8-95FA-E06555741DE3}"
EndProject
Project("{FAE04EC0-301F-11D3-BF4B-00C04F79EFBC}") = "Beyond8.Identity.Application", "src\Services\Identity\Beyond8.Identity.Application\Beyond8.Identity.Application.csproj", "{C07D1EF0-694B-4651-BA89-CB62A985CF91}"
EndProject
Project("{FAE04EC0-301F-11D3-BF4B-00C04F79EFBC}") = "Beyond8.Identity.Infrastructure", "src\Services\Identity\Beyond8.Identity.Infrastructure\Beyond8.Identity.Infrastructure.csproj", "{3C8F2711-2D41-4F74-9624-99873B639F9B}"
EndProject
Project("{2150E333-8FDC-42A3-9474-1A3956D46DE8}") = "Integration", "Integration", "{2C788714-B932-4CC1-E8EC-57DE0C9E9CC1}"
EndProject
Project("{FAE04EC0-301F-11D3-BF4B-00C04F79EFBC}") = "Beyond8.Integration.Api", "src\Services\Integration\Beyond8.Integration.Api\Beyond8.Integration.Api.csproj", "{0A44E11E-D6CB-462A-AEF4-718CB63272CC}"
EndProject
Project("{FAE04EC0-301F-11D3-BF4B-00C04F79EFBC}") = "Beyond8.Integration.Domain", "src\Services\Integration\Beyond8.Integration.Domain\Beyond8.Integration.Domain.csproj", "{A0A49FFE-1212-4174-BD5A-545036EFDD01}"
EndProject
Project("{FAE04EC0-301F-11D3-BF4B-00C04F79EFBC}") = "Beyond8.Integration.Application", "src\Services\Integration\Beyond8.Integration.Application\Beyond8.Integration.Application.csproj", "{B2D03247-C220-4E49-B89F-BD1D64F54270}"
EndProject
Project("{FAE04EC0-301F-11D3-BF4B-00C04F79EFBC}") = "Beyond8.Integration.Infrastructure", "src\Services\Integration\Beyond8.Integration.Infrastructure\Beyond8.Integration.Infrastructure.csproj", "{DA435E5D-997B-4CE1-803B-0BE59D321684}"
EndProject
Project("{2150E333-8FDC-42A3-9474-1A3956D46DE8}") = "Catalog", "Catalog", "{C91C1CF1-1625-0789-F869-53D87D6277BA}"
EndProject
Project("{FAE04EC0-301F-11D3-BF4B-00C04F79EFBC}") = "Beyond8.Catalog.Api", "src\Services\Catalog\Beyond8.Catalog.Api\Beyond8.Catalog.Api.csproj", "{8B1673BB-09CE-4204-8CCD-53A53DAAAB31}"
EndProject
Project("{FAE04EC0-301F-11D3-BF4B-00C04F79EFBC}") = "Beyond8.Catalog.Domain", "src\Services\Catalog\Beyond8.Catalog.Domain\Beyond8.Catalog.Domain.csproj", "{2D07B2D9-66ED-42F2-9BB2-413DE4B8B7B8}"
EndProject
Project("{FAE04EC0-301F-11D3-BF4B-00C04F79EFBC}") = "Beyond8.Catalog.Application", "src\Services\Catalog\Beyond8.Catalog.Application\Beyond8.Catalog.Application.csproj", "{334E6C4E-7948-4328-830B-CA3B75822782}"
EndProject
Project("{FAE04EC0-301F-11D3-BF4B-00C04F79EFBC}") = "Beyond8.Catalog.Infrastructure", "src\Services\Catalog\Beyond8.Catalog.Infrastructure\Beyond8.Catalog.Infrastructure.csproj", "{E0251723-10D8-4726-9AF8-7A399C578FA0}"
EndProject
Global
	GlobalSection(SolutionConfigurationPlatforms) = preSolution
		Debug|Any CPU = Debug|Any CPU
		Debug|x64 = Debug|x64
		Debug|x86 = Debug|x86
		Release|Any CPU = Release|Any CPU
		Release|x64 = Release|x64
		Release|x86 = Release|x86
	EndGlobalSection
	GlobalSection(ProjectConfigurationPlatforms) = postSolution
		{56CE2E3F-9C0D-6C79-2548-738CA7C41A24}.Debug|Any CPU.ActiveCfg = Debug|Any CPU
		{56CE2E3F-9C0D-6C79-2548-738CA7C41A24}.Debug|Any CPU.Build.0 = Debug|Any CPU
		{56CE2E3F-9C0D-6C79-2548-738CA7C41A24}.Debug|x64.ActiveCfg = Debug|Any CPU
		{56CE2E3F-9C0D-6C79-2548-738CA7C41A24}.Debug|x64.Build.0 = Debug|Any CPU
		{56CE2E3F-9C0D-6C79-2548-738CA7C41A24}.Debug|x86.ActiveCfg = Debug|Any CPU
		{56CE2E3F-9C0D-6C79-2548-738CA7C41A24}.Debug|x86.Build.0 = Debug|Any CPU
		{56CE2E3F-9C0D-6C79-2548-738CA7C41A24}.Release|Any CPU.ActiveCfg = Release|Any CPU
		{56CE2E3F-9C0D-6C79-2548-738CA7C41A24}.Release|Any CPU.Build.0 = Release|Any CPU
		{56CE2E3F-9C0D-6C79-2548-738CA7C41A24}.Release|x64.ActiveCfg = Release|Any CPU
		{56CE2E3F-9C0D-6C79-2548-738CA7C41A24}.Release|x64.Build.0 = Release|Any CPU
		{56CE2E3F-9C0D-6C79-2548-738CA7C41A24}.Release|x86.ActiveCfg = Release|Any CPU
		{56CE2E3F-9C0D-6C79-2548-738CA7C41A24}.Release|x86.Build.0 = Release|Any CPU
		{D299DE89-5F9B-441C-D656-143464094E4F}.Debug|Any CPU.ActiveCfg = Debug|Any CPU
		{D299DE89-5F9B-441C-D656-143464094E4F}.Debug|Any CPU.Build.0 = Debug|Any CPU
		{D299DE89-5F9B-441C-D656-143464094E4F}.Debug|x64.ActiveCfg = Debug|Any CPU
		{D299DE89-5F9B-441C-D656-143464094E4F}.Debug|x64.Build.0 = Debug|Any CPU
		{D299DE89-5F9B-441C-D656-143464094E4F}.Debug|x86.ActiveCfg = Debug|Any CPU
		{D299DE89-5F9B-441C-D656-143464094E4F}.Debug|x86.Build.0 = Debug|Any CPU
		{D299DE89-5F9B-441C-D656-143464094E4F}.Release|Any CPU.ActiveCfg = Release|Any CPU
		{D299DE89-5F9B-441C-D656-143464094E4F}.Release|Any CPU.Build.0 = Release|Any CPU
		{D299DE89-5F9B-441C-D656-143464094E4F}.Release|x64.ActiveCfg = Release|Any CPU
		{D299DE89-5F9B-441C-D656-143464094E4F}.Release|x64.Build.0 = Release|Any CPU
		{D299DE89-5F9B-441C-D656-143464094E4F}.Release|x86.ActiveCfg = Release|Any CPU
		{D299DE89-5F9B-441C-D656-143464094E4F}.Release|x86.Build.0 = Release|Any CPU
		{A73FF4D6-3D6F-A343-1D05-07D8BFD3BB70}.Debug|Any CPU.ActiveCfg = Debug|Any CPU
		{A73FF4D6-3D6F-A343-1D05-07D8BFD3BB70}.Debug|Any CPU.Build.0 = Debug|Any CPU
		{A73FF4D6-3D6F-A343-1D05-07D8BFD3BB70}.Debug|x64.ActiveCfg = Debug|Any CPU
		{A73FF4D6-3D6F-A343-1D05-07D8BFD3BB70}.Debug|x64.Build.0 = Debug|Any CPU
		{A73FF4D6-3D6F-A343-1D05-07D8BFD3BB70}.Debug|x86.ActiveCfg = Debug|Any CPU
		{A73FF4D6-3D6F-A343-1D05-07D8BFD3BB70}.Debug|x86.Build.0 = Debug|Any CPU
		{A73FF4D6-3D6F-A343-1D05-07D8BFD3BB70}.Release|Any CPU.ActiveCfg = Release|Any CPU
		{A73FF4D6-3D6F-A343-1D05-07D8BFD3BB70}.Release|Any CPU.Build.0 = Release|Any CPU
		{A73FF4D6-3D6F-A343-1D05-07D8BFD3BB70}.Release|x64.ActiveCfg = Release|Any CPU
		{A73FF4D6-3D6F-A343-1D05-07D8BFD3BB70}.Release|x64.Build.0 = Release|Any CPU
		{A73FF4D6-3D6F-A343-1D05-07D8BFD3BB70}.Release|x86.ActiveCfg = Release|Any CPU
		{A73FF4D6-3D6F-A343-1D05-07D8BFD3BB70}.Release|x86.Build.0 = Release|Any CPU
		{61A2EF66-B61B-0442-4244-E63DCAD7C3A9}.Debug|Any CPU.ActiveCfg = Debug|Any CPU
		{61A2EF66-B61B-0442-4244-E63DCAD7C3A9}.Debug|Any CPU.Build.0 = Debug|Any CPU
		{61A2EF66-B61B-0442-4244-E63DCAD7C3A9}.Debug|x64.ActiveCfg = Debug|Any CPU
		{61A2EF66-B61B-0442-4244-E63DCAD7C3A9}.Debug|x64.Build.0 = Debug|Any CPU
		{61A2EF66-B61B-0442-4244-E63DCAD7C3A9}.Debug|x86.ActiveCfg = Debug|Any CPU
		{61A2EF66-B61B-0442-4244-E63DCAD7C3A9}.Debug|x86.Build.0 = Debug|Any CPU
		{61A2EF66-B61B-0442-4244-E63DCAD7C3A9}.Release|Any CPU.ActiveCfg = Release|Any CPU
		{61A2EF66-B61B-0442-4244-E63DCAD7C3A9}.Release|Any CPU.Build.0 = Release|Any CPU
		{61A2EF66-B61B-0442-4244-E63DCAD7C3A9}.Release|x64.ActiveCfg = Release|Any CPU
		{61A2EF66-B61B-0442-4244-E63DCAD7C3A9}.Release|x64.Build.0 = Release|Any CPU
		{61A2EF66-B61B-0442-4244-E63DCAD7C3A9}.Release|x86.ActiveCfg = Release|Any CPU
		{61A2EF66-B61B-0442-4244-E63DCAD7C3A9}.Release|x86.Build.0 = Release|Any CPU
		{FCF4F5FC-38A9-48CC-8690-FE161B83B6AC}.Debug|Any CPU.ActiveCfg = Debug|Any CPU
		{FCF4F5FC-38A9-48CC-8690-FE161B83B6AC}.Debug|Any CPU.Build.0 = Debug|Any CPU
		{FCF4F5FC-38A9-48CC-8690-FE161B83B6AC}.Debug|x64.ActiveCfg = Debug|Any CPU
		{FCF4F5FC-38A9-48CC-8690-FE161B83B6AC}.Debug|x64.Build.0 = Debug|Any CPU
		{FCF4F5FC-38A9-48CC-8690-FE161B83B6AC}.Debug|x86.ActiveCfg = Debug|Any CPU
		{FCF4F5FC-38A9-48CC-8690-FE161B83B6AC}.Debug|x86.Build.0 = Debug|Any CPU
		{FCF4F5FC-38A9-48CC-8690-FE161B83B6AC}.Release|Any CPU.ActiveCfg = Release|Any CPU
		{FCF4F5FC-38A9-48CC-8690-FE161B83B6AC}.Release|Any CPU.Build.0 = Release|Any CPU
		{FCF4F5FC-38A9-48CC-8690-FE161B83B6AC}.Release|x64.ActiveCfg = Release|Any CPU
		{FCF4F5FC-38A9-48CC-8690-FE161B83B6AC}.Release|x64.Build.0 = Release|Any CPU
		{FCF4F5FC-38A9-48CC-8690-FE161B83B6AC}.Release|x86.ActiveCfg = Release|Any CPU
		{FCF4F5FC-38A9-48CC-8690-FE161B83B6AC}.Release|x86.Build.0 = Release|Any CPU
		{8D275149-75D8-42B8-95FA-E06555741DE3}.Debug|Any CPU.ActiveCfg = Debug|Any CPU
		{8D275149-75D8-42B8-95FA-E06555741DE3}.Debug|Any CPU.Build.0 = Debug|Any CPU
		{8D275149-75D8-42B8-95FA-E06555741DE3}.Debug|x64.ActiveCfg = Debug|Any CPU
		{8D275149-75D8-42B8-95FA-E06555741DE3}.Debug|x64.Build.0 = Debug|Any CPU
		{8D275149-75D8-42B8-95FA-E06555741DE3}.Debug|x86.ActiveCfg = Debug|Any CPU
		{8D275149-75D8-42B8-95FA-E06555741DE3}.Debug|x86.Build.0 = Debug|Any CPU
		{8D275149-75D8-42B8-95FA-E06555741DE3}.Release|Any CPU.ActiveCfg = Release|Any CPU
		{8D275149-75D8-42B8-95FA-E06555741DE3}.Release|Any CPU.Build.0 = Release|Any CPU
		{8D275149-75D8-42B8-95FA-E06555741DE3}.Release|x64.ActiveCfg = Release|Any CPU
		{8D275149-75D8-42B8-95FA-E06555741DE3}.Release|x64.Build.0 = Release|Any CPU
		{8D275149-75D8-42B8-95FA-E06555741DE3}.Release|x86.ActiveCfg = Release|Any CPU
		{8D275149-75D8-42B8-95FA-E06555741DE3}.Release|x86.Build.0 = Release|Any CPU
		{C07D1EF0-694B-4651-BA89-CB62A985CF91}.Debug|Any CPU.ActiveCfg = Debug|Any CPU
		{C07D1EF0-694B-4651-BA89-CB62A985CF91}.Debug|Any CPU.Build.0 = Debug|Any CPU
		{C07D1EF0-694B-4651-BA89-CB62A985CF91}.Debug|x64.ActiveCfg = Debug|Any CPU
		{C07D1EF0-694B-4651-BA89-CB62A985CF91}.Debug|x64.Build.0 = Debug|Any CPU
		{C07D1EF0-694B-4651-BA89-CB62A985CF91}.Debug|x86.ActiveCfg = Debug|Any CPU
		{C07D1EF0-694B-4651-BA89-CB62A985CF91}.Debug|x86.Build.0 = Debug|Any CPU
		{C07D1EF0-694B-4651-BA89-CB62A985CF91}.Release|Any CPU.ActiveCfg = Release|Any CPU
		{C07D1EF0-694B-4651-BA89-CB62A985CF91}.Release|Any CPU.Build.0 = Release|Any CPU
		{C07D1EF0-694B-4651-BA89-CB62A985CF91}.Release|x64.ActiveCfg = Release|Any CPU
		{C07D1EF0-694B-4651-BA89-CB62A985CF91}.Release|x64.Build.0 = Release|Any CPU
		{C07D1EF0-694B-4651-BA89-CB62A985CF91}.Release|x86.ActiveCfg = Release|Any CPU
		{C07D1EF0-694B-4651-BA89-CB62A985CF91}.Release|x86.Build.0 = Release|Any CPU
		{3C8F2711-2D41-4F74-9624-99873B639F9B}.Debug|Any CPU.ActiveCfg = Debug|Any CPU
		{3C8F2711-2D41-4F74-9624-99873B639F9B}.Debug|Any CPU.Build.0 = Debug|Any CPU
		{3C8F2711-2D41-4F74-9624-99873B639F9B}.Debug|x64.ActiveCfg = Debug|Any CPU
		{3C8F2711-2D41-4F74-9624-99873B639F9B}.Debug|x64.Build.0 = Debug|Any CPU
		{3C8F2711-2D41-4F74-9624-99873B639F9B}.Debug|x86.ActiveCfg = Debug|Any CPU
		{3C8F2711-2D41-4F74-9624-99873B639F9B}.Debug|x86.Build.0 = Debug|Any CPU
		{3C8F2711-2D41-4F74-9624-99873B639F9B}.Release|Any CPU.ActiveCfg = Release|Any CPU
		{3C8F2711-2D41-4F74-9624-99873B639F9B}.Release|Any CPU.Build.0 = Release|Any CPU
		{3C8F2711-2D41-4F74-9624-99873B639F9B}.Release|x64.ActiveCfg = Release|Any CPU
		{3C8F2711-2D41-4F74-9624-99873B639F9B}.Release|x64.Build.0 = Release|Any CPU
		{3C8F2711-2D41-4F74-9624-99873B639F9B}.Release|x86.ActiveCfg = Release|Any CPU
		{3C8F2711-2D41-4F74-9624-99873B639F9B}.Release|x86.Build.0 = Release|Any CPU
		{0A44E11E-D6CB-462A-AEF4-718CB63272CC}.Debug|Any CPU.ActiveCfg = Debug|Any CPU
		{0A44E11E-D6CB-462A-AEF4-718CB63272CC}.Debug|Any CPU.Build.0 = Debug|Any CPU
		{0A44E11E-D6CB-462A-AEF4-718CB63272CC}.Debug|x64.ActiveCfg = Debug|Any CPU
		{0A44E11E-D6CB-462A-AEF4-718CB63272CC}.Debug|x64.Build.0 = Debug|Any CPU
		{0A44E11E-D6CB-462A-AEF4-718CB63272CC}.Debug|x86.ActiveCfg = Debug|Any CPU
		{0A44E11E-D6CB-462A-AEF4-718CB63272CC}.Debug|x86.Build.0 = Debug|Any CPU
		{0A44E11E-D6CB-462A-AEF4-718CB63272CC}.Release|Any CPU.ActiveCfg = Release|Any CPU
		{0A44E11E-D6CB-462A-AEF4-718CB63272CC}.Release|Any CPU.Build.0 = Release|Any CPU
		{0A44E11E-D6CB-462A-AEF4-718CB63272CC}.Release|x64.ActiveCfg = Release|Any CPU
		{0A44E11E-D6CB-462A-AEF4-718CB63272CC}.Release|x64.Build.0 = Release|Any CPU
		{0A44E11E-D6CB-462A-AEF4-718CB63272CC}.Release|x86.ActiveCfg = Release|Any CPU
		{0A44E11E-D6CB-462A-AEF4-718CB63272CC}.Release|x86.Build.0 = Release|Any CPU
		{A0A49FFE-1212-4174-BD5A-545036EFDD01}.Debug|Any CPU.ActiveCfg = Debug|Any CPU
		{A0A49FFE-1212-4174-BD5A-545036EFDD01}.Debug|Any CPU.Build.0 = Debug|Any CPU
		{A0A49FFE-1212-4174-BD5A-545036EFDD01}.Debug|x64.ActiveCfg = Debug|Any CPU
		{A0A49FFE-1212-4174-BD5A-545036EFDD01}.Debug|x64.Build.0 = Debug|Any CPU
		{A0A49FFE-1212-4174-BD5A-545036EFDD01}.Debug|x86.ActiveCfg = Debug|Any CPU
		{A0A49FFE-1212-4174-BD5A-545036EFDD01}.Debug|x86.Build.0 = Debug|Any CPU
		{A0A49FFE-1212-4174-BD5A-545036EFDD01}.Release|Any CPU.ActiveCfg = Release|Any CPU
		{A0A49FFE-1212-4174-BD5A-545036EFDD01}.Release|Any CPU.Build.0 = Release|Any CPU
		{A0A49FFE-1212-4174-BD5A-545036EFDD01}.Release|x64.ActiveCfg = Release|Any CPU
		{A0A49FFE-1212-4174-BD5A-545036EFDD01}.Release|x64.Build.0 = Release|Any CPU
		{A0A49FFE-1212-4174-BD5A-545036EFDD01}.Release|x86.ActiveCfg = Release|Any CPU
		{A0A49FFE-1212-4174-BD5A-545036EFDD01}.Release|x86.Build.0 = Release|Any CPU
		{B2D03247-C220-4E49-B89F-BD1D64F54270}.Debug|Any CPU.ActiveCfg = Debug|Any CPU
		{B2D03247-C220-4E49-B89F-BD1D64F54270}.Debug|Any CPU.Build.0 = Debug|Any CPU
		{B2D03247-C220-4E49-B89F-BD1D64F54270}.Debug|x64.ActiveCfg = Debug|Any CPU
		{B2D03247-C220-4E49-B89F-BD1D64F54270}.Debug|x64.Build.0 = Debug|Any CPU
		{B2D03247-C220-4E49-B89F-BD1D64F54270}.Debug|x86.ActiveCfg = Debug|Any CPU
		{B2D03247-C220-4E49-B89F-BD1D64F54270}.Debug|x86.Build.0 = Debug|Any CPU
		{B2D03247-C220-4E49-B89F-BD1D64F54270}.Release|Any CPU.ActiveCfg = Release|Any CPU
		{B2D03247-C220-4E49-B89F-BD1D64F54270}.Release|Any CPU.Build.0 = Release|Any CPU
		{B2D03247-C220-4E49-B89F-BD1D64F54270}.Release|x64.ActiveCfg = Release|Any CPU
		{B2D03247-C220-4E49-B89F-BD1D64F54270}.Release|x64.Build.0 = Release|Any CPU
		{B2D03247-C220-4E49-B89F-BD1D64F54270}.Release|x86.ActiveCfg = Release|Any CPU
		{B2D03247-C220-4E49-B89F-BD1D64F54270}.Release|x86.Build.0 = Release|Any CPU
		{DA435E5D-997B-4CE1-803B-0BE59D321684}.Debug|Any CPU.ActiveCfg = Debug|Any CPU
		{DA435E5D-997B-4CE1-803B-0BE59D321684}.Debug|Any CPU.Build.0 = Debug|Any CPU
		{DA435E5D-997B-4CE1-803B-0BE59D321684}.Debug|x64.ActiveCfg = Debug|Any CPU
		{DA435E5D-997B-4CE1-803B-0BE59D321684}.Debug|x64.Build.0 = Debug|Any CPU
		{DA435E5D-997B-4CE1-803B-0BE59D321684}.Debug|x86.ActiveCfg = Debug|Any CPU
		{DA435E5D-997B-4CE1-803B-0BE59D321684}.Debug|x86.Build.0 = Debug|Any CPU
		{DA435E5D-997B-4CE1-803B-0BE59D321684}.Release|Any CPU.ActiveCfg = Release|Any CPU
		{DA435E5D-997B-4CE1-803B-0BE59D321684}.Release|Any CPU.Build.0 = Release|Any CPU
		{DA435E5D-997B-4CE1-803B-0BE59D321684}.Release|x64.ActiveCfg = Release|Any CPU
		{DA435E5D-997B-4CE1-803B-0BE59D321684}.Release|x64.Build.0 = Release|Any CPU
		{DA435E5D-997B-4CE1-803B-0BE59D321684}.Release|x86.ActiveCfg = Release|Any CPU
		{DA435E5D-997B-4CE1-803B-0BE59D321684}.Release|x86.Build.0 = Release|Any CPU
		{8B1673BB-09CE-4204-8CCD-53A53DAAAB31}.Debug|Any CPU.ActiveCfg = Debug|Any CPU
		{8B1673BB-09CE-4204-8CCD-53A53DAAAB31}.Debug|Any CPU.Build.0 = Debug|Any CPU
		{8B1673BB-09CE-4204-8CCD-53A53DAAAB31}.Debug|x64.ActiveCfg = Debug|Any CPU
		{8B1673BB-09CE-4204-8CCD-53A53DAAAB31}.Debug|x64.Build.0 = Debug|Any CPU
		{8B1673BB-09CE-4204-8CCD-53A53DAAAB31}.Debug|x86.ActiveCfg = Debug|Any CPU
		{8B1673BB-09CE-4204-8CCD-53A53DAAAB31}.Debug|x86.Build.0 = Debug|Any CPU
		{8B1673BB-09CE-4204-8CCD-53A53DAAAB31}.Release|Any CPU.ActiveCfg = Release|Any CPU
		{8B1673BB-09CE-4204-8CCD-53A53DAAAB31}.Release|Any CPU.Build.0 = Release|Any CPU
		{8B1673BB-09CE-4204-8CCD-53A53DAAAB31}.Release|x64.ActiveCfg = Release|Any CPU
		{8B1673BB-09CE-4204-8CCD-53A53DAAAB31}.Release|x64.Build.0 = Release|Any CPU
		{8B1673BB-09CE-4204-8CCD-53A53DAAAB31}.Release|x86.ActiveCfg = Release|Any CPU
		{8B1673BB-09CE-4204-8CCD-53A53DAAAB31}.Release|x86.Build.0 = Release|Any CPU
		{2D07B2D9-66ED-42F2-9BB2-413DE4B8B7B8}.Debug|Any CPU.ActiveCfg = Debug|Any CPU
		{2D07B2D9-66ED-42F2-9BB2-413DE4B8B7B8}.Debug|Any CPU.Build.0 = Debug|Any CPU
		{2D07B2D9-66ED-42F2-9BB2-413DE4B8B7B8}.Debug|x64.ActiveCfg = Debug|Any CPU
		{2D07B2D9-66ED-42F2-9BB2-413DE4B8B7B8}.Debug|x64.Build.0 = Debug|Any CPU
		{2D07B2D9-66ED-42F2-9BB2-413DE4B8B7B8}.Debug|x86.ActiveCfg = Debug|Any CPU
		{2D07B2D9-66ED-42F2-9BB2-413DE4B8B7B8}.Debug|x86.Build.0 = Debug|Any CPU
		{2D07B2D9-66ED-42F2-9BB2-413DE4B8B7B8}.Release|Any CPU.ActiveCfg = Release|Any CPU
		{2D07B2D9-66ED-42F2-9BB2-413DE4B8B7B8}.Release|Any CPU.Build.0 = Release|Any CPU
		{2D07B2D9-66ED-42F2-9BB2-413DE4B8B7B8}.Release|x64.ActiveCfg = Release|Any CPU
		{2D07B2D9-66ED-42F2-9BB2-413DE4B8B7B8}.Release|x64.Build.0 = Release|Any CPU
		{2D07B2D9-66ED-42F2-9BB2-413DE4B8B7B8}.Release|x86.ActiveCfg = Release|Any CPU
		{2D07B2D9-66ED-42F2-9BB2-413DE4B8B7B8}.Release|x86.Build.0 = Release|Any CPU
		{334E6C4E-7948-4328-830B-CA3B75822782}.Debug|Any CPU.ActiveCfg = Debug|Any CPU
		{334E6C4E-7948-4328-830B-CA3B75822782}.Debug|Any CPU.Build.0 = Debug|Any CPU
		{334E6C4E-7948-4328-830B-CA3B75822782}.Debug|x64.ActiveCfg = Debug|Any CPU
		{334E6C4E-7948-4328-830B-CA3B75822782}.Debug|x64.Build.0 = Debug|Any CPU
		{334E6C4E-7948-4328-830B-CA3B75822782}.Debug|x86.ActiveCfg = Debug|Any CPU
		{334E6C4E-7948-4328-830B-CA3B75822782}.Debug|x86.Build.0 = Debug|Any CPU
		{334E6C4E-7948-4328-830B-CA3B75822782}.Release|Any CPU.ActiveCfg = Release|Any CPU
		{334E6C4E-7948-4328-830B-CA3B75822782}.Release|Any CPU.Build.0 = Release|Any CPU
		{334E6C4E-7948-4328-830B-CA3B75822782}.Release|x64.ActiveCfg = Release|Any CPU
		{334E6C4E-7948-4328-830B-CA3B75822782}.Release|x64.Build.0 = Release|Any CPU
		{334E6C4E-7948-4328-830B-CA3B75822782}.Release|x86.ActiveCfg = Release|Any CPU
		{334E6C4E-7948-4328-830B-CA3B75822782}.Release|x86.Build.0 = Release|Any CPU
		{E0251723-10D8-4726-9AF8-7A399C578FA0}.Debug|Any CPU.ActiveCfg = Debug|Any CPU
		{E0251723-10D8-4726-9AF8-7A399C578FA0}.Debug|Any CPU.Build.0 = Debug|Any CPU
		{E0251723-10D8-4726-9AF8-7A399C578FA0}.Debug|x64.ActiveCfg = Debug|Any CPU
		{E0251723-10D8-4726-9AF8-7A399C578FA0}.Debug|x64.Build.0 = Debug|Any CPU
		{E0251723-10D8-4726-9AF8-7A399C578FA0}.Debug|x86.ActiveCfg = Debug|Any CPU
		{E0251723-10D8-4726-9AF8-7A399C578FA0}.Debug|x86.Build.0 = Debug|Any CPU
		{E0251723-10D8-4726-9AF8-7A399C578FA0}.Release|Any CPU.ActiveCfg = Release|Any CPU
		{E0251723-10D8-4726-9AF8-7A399C578FA0}.Release|Any CPU.Build.0 = Release|Any CPU
		{E0251723-10D8-4726-9AF8-7A399C578FA0}.Release|x64.ActiveCfg = Release|Any CPU
		{E0251723-10D8-4726-9AF8-7A399C578FA0}.Release|x64.Build.0 = Release|Any CPU
		{E0251723-10D8-4726-9AF8-7A399C578FA0}.Release|x86.ActiveCfg = Release|Any CPU
		{E0251723-10D8-4726-9AF8-7A399C578FA0}.Release|x86.Build.0 = Release|Any CPU
	EndGlobalSection
	GlobalSection(SolutionProperties) = preSolution
		HideSolutionNode = FALSE
	EndGlobalSection
	GlobalSection(NestedProjects) = preSolution
		{56CE2E3F-9C0D-6C79-2548-738CA7C41A24} = {4F52FD11-658E-A102-6CD3-7D7C16FFA15B}
		{D299DE89-5F9B-441C-D656-143464094E4F} = {4F52FD11-658E-A102-6CD3-7D7C16FFA15B}
		{8B260A08-A83E-5A86-27DB-EBC08B683631} = {827E0CD3-B72D-47B6-A68D-7590B98EB39B}
		{A73FF4D6-3D6F-A343-1D05-07D8BFD3BB70} = {8B260A08-A83E-5A86-27DB-EBC08B683631}
		{61A2EF66-B61B-0442-4244-E63DCAD7C3A9} = {8B260A08-A83E-5A86-27DB-EBC08B683631}
		{984BB9B3-3FA3-BE33-9484-CAC21695A33C} = {827E0CD3-B72D-47B6-A68D-7590B98EB39B}
		{1BFC9479-12BF-35C3-06B8-42D89D95092B} = {984BB9B3-3FA3-BE33-9484-CAC21695A33C}
		{FCF4F5FC-38A9-48CC-8690-FE161B83B6AC} = {1BFC9479-12BF-35C3-06B8-42D89D95092B}
		{8D275149-75D8-42B8-95FA-E06555741DE3} = {1BFC9479-12BF-35C3-06B8-42D89D95092B}
		{C07D1EF0-694B-4651-BA89-CB62A985CF91} = {1BFC9479-12BF-35C3-06B8-42D89D95092B}
		{3C8F2711-2D41-4F74-9624-99873B639F9B} = {1BFC9479-12BF-35C3-06B8-42D89D95092B}
		{2C788714-B932-4CC1-E8EC-57DE0C9E9CC1} = {984BB9B3-3FA3-BE33-9484-CAC21695A33C}
		{0A44E11E-D6CB-462A-AEF4-718CB63272CC} = {2C788714-B932-4CC1-E8EC-57DE0C9E9CC1}
		{A0A49FFE-1212-4174-BD5A-545036EFDD01} = {2C788714-B932-4CC1-E8EC-57DE0C9E9CC1}
		{B2D03247-C220-4E49-B89F-BD1D64F54270} = {2C788714-B932-4CC1-E8EC-57DE0C9E9CC1}
		{DA435E5D-997B-4CE1-803B-0BE59D321684} = {2C788714-B932-4CC1-E8EC-57DE0C9E9CC1}
		{C91C1CF1-1625-0789-F869-53D87D6277BA} = {984BB9B3-3FA3-BE33-9484-CAC21695A33C}
		{8B1673BB-09CE-4204-8CCD-53A53DAAAB31} = {C91C1CF1-1625-0789-F869-53D87D6277BA}
		{2D07B2D9-66ED-42F2-9BB2-413DE4B8B7B8} = {C91C1CF1-1625-0789-F869-53D87D6277BA}
		{334E6C4E-7948-4328-830B-CA3B75822782} = {C91C1CF1-1625-0789-F869-53D87D6277BA}
		{E0251723-10D8-4726-9AF8-7A399C578FA0} = {C91C1CF1-1625-0789-F869-53D87D6277BA}
	EndGlobalSection
	GlobalSection(ExtensibilityGlobals) = postSolution
		SolutionGuid = {D077F82B-62F7-4539-B6D9-FD8A32DA6D9D}
	EndGlobalSection
EndGlobal
